PODS:
  - AFNetworking (3.1.0):
    - AFNetworking/NSURLSession (= 3.1.0)
    - AFNetworking/Reachability (= 3.1.0)
    - AFNetworking/Security (= 3.1.0)
    - AFNetworking/Serialization (= 3.1.0)
    - AFNetworking/UIKit (= 3.1.0)
  - AFNetworking/NSURLSession (3.1.0):
    - AFNetworking/Reachability
    - AFNetworking/Security
    - AFNetworking/Serialization
  - AFNetworking/Reachability (3.1.0)
  - AFNetworking/Security (3.1.0)
  - AFNetworking/Serialization (3.1.0)
  - AFNetworking/UIKit (3.1.0):
    - AFNetworking/NSURLSession
  - CYLTabBarController (1.6.0)
  - DACircularProgress (2.3.1)
  - dyci (0.1.6):
    - dyci/Injections (= 0.1.6)
  - dyci/Injections (0.1.6)
  - DZNEmptyDataSet (1.8.1)
  - IQKeyboardManager (3.3.7)
  - LBXScan (1.1.2):
    - ZXingObjC
  - MBProgressHUD (1.0.0)
  - MJExtension (3.0.13)
  - MJRefresh (3.1.12)
  - MWPhotoBrowser (1.2.1):
    - DACircularProgress
    - MBProgressHUD
    - PSTCollectionView (~> 1.2)
    - SDWebImage (~> 3.5)
  - NSDate-Escort (1.7.0)
  - ObjectiveSugar (1.1.0)
  - PSTCollectionView (1.2.3)
  - ReactiveCocoa (2.5):
    - ReactiveCocoa/UI (= 2.5)
  - ReactiveCocoa/Core (2.5):
    - ReactiveCocoa/no-arc
  - ReactiveCocoa/no-arc (2.5)
  - ReactiveCocoa/UI (2.5):
    - ReactiveCocoa/Core
  - RKNotificationHub (2.0.4)
  - RongCloudIMKit (2.7.0)
  - SDAutoLayout (2.1.7)
  - SDCycleScrollView (1.65):
    - SDWebImage (~> 3.7)
  - SDWebImage (3.8.1):
    - SDWebImage/Core (= 3.8.1)
  - SDWebImage/Core (3.8.1)
  - SKSTableView (0.0.2)
  - Toast (3.0)
  - UITableView+FDTemplateLayoutCell_Bell (1.5.0)
  - UIViewController+Swizzled (1.4)
  - UMengAnalytics-NO-IDFA (4.1.1)
  - UMengMessage-NO-IDFA-SUN (1.3.0)
  - ZXingObjC (3.1.0):
    - ZXingObjC/All (= 3.1.0)
  - ZXingObjC/All (3.1.0)

DEPENDENCIES:
  - AFNetworking
  - CYLTabBarController
  - DACircularProgress
  - dyci (from `https://github.com/DyCI/dyci-main.git`)
  - DZNEmptyDataSet
  - IQKeyboardManager
  - LBXScan (from `https://github.com/MxABC/LBXScan.git`)
  - MBProgressHUD
  - MJExtension
  - MJRefresh
  - MWPhotoBrowser
  - NSDate-Escort
  - ObjectiveSugar
  - ReactiveCocoa
  - RKNotificationHub
  - RongCloudIMKit
  - SDAutoLayout
  - SDCycleScrollView
  - SDWebImage
  - SKSTableView
  - Toast
  - UITableView+FDTemplateLayoutCell_Bell
  - UIViewController+Swizzled
  - UMengAnalytics-NO-IDFA
  - UMengMessage-NO-IDFA-SUN

EXTERNAL SOURCES:
  dyci:
    :git: https://github.com/DyCI/dyci-main.git
  LBXScan:
    :git: https://github.com/MxABC/LBXScan.git

CHECKOUT OPTIONS:
  dyci:
    :commit: 564b0c4579ab7cb5c30a26315fe857b02dd9a9c1
    :git: https://github.com/DyCI/dyci-main.git
  LBXScan:
    :commit: 38539ad5c5afea2e3ff11472a63e0667f4ce61c7
    :git: https://github.com/MxABC/LBXScan.git

SPEC CHECKSUMS:
  AFNetworking: 5e0e199f73d8626b11e79750991f5d173d1f8b67
  CYLTabBarController: efbdd574772be17f17965acd7ee993f5972ff02f
  DACircularProgress: 4dd437c0fc3da5161cb289e07ac449493d41db71
  dyci: bf5f4caa4a855a3ca567e2306a4cbba6d9da75e8
  DZNEmptyDataSet: 9525833b9e68ac21c30253e1d3d7076cc828eaa7
  IQKeyboardManager: 249c3946acf61345c18b038eb50863fe2793e3a8
  LBXScan: f3b7c69b98d8bf2ac60b4010b55801bfc1f142a4
  MBProgressHUD: 4890f671c94e8a0f3cf959aa731e9de2f036d71a
  MJExtension: 5932755f451458eefa24239358817f8d291240c7
  MJRefresh: b96cdb21c4aa75a7b07654311ab2f315c497e806
  MWPhotoBrowser: 7087b4c828297ef34ff2b0892c8e967034a86842
  NSDate-Escort: 3469fefab423c094108c2e864416b61b6ac0edbc
  ObjectiveSugar: a6a25f23d657c19df0a0b972466d5b5ca9f5295c
  PSTCollectionView: 6749df92885353521f55279a7ce2b293762e2be4
  ReactiveCocoa: e2db045570aa97c695e7aa97c2bcab222ae51f4a
  RKNotificationHub: 3765424499139c3d3885b681bb0837f072d12ae6
  RongCloudIMKit: 2602b151b0411b28c1c371155e1b24d9dfc08d51
  SDAutoLayout: e9b36d04b8c0b504762a04d76fbbe5108944297a
  SDCycleScrollView: f72904c77698a7f93a41bcbbc2d78b073bf7326c
  SDWebImage: 35f9627a3e44b4f292a8a8ce6a531fa488239b91
  SKSTableView: f552b4847d0f11425891420473c3e041a7743a06
  Toast: 32c59229abfcf41850162b83bb9259dc84372473
  UITableView+FDTemplateLayoutCell_Bell: ee65b057dbbe937bb6764f33d4ca6910d05a0efd
  UIViewController+Swizzled: 1cd9397598ede6930f94fbcac4b43d63c7aa0dbb
  UMengAnalytics-NO-IDFA: 1064992c1b7aaa22823179c0b33a664813fd7a85
  UMengMessage-NO-IDFA-SUN: a78bd5d4bf39694267499ca738f5a541ac2f49e7
  ZXingObjC: bf15b3814f7a105b6d99f47da2333c93a063650a

PODFILE CHECKSUM: 861e6aa1c641e5002349f1e68325faf3cfcff89f

COCOAPODS: 1.0.1
